Microsoft Visual Studio Solution File, Format Version 12.00
# Visual Studio 2012
Project("{FAE04EC0-301F-11D3-BF4B-00C04F79EFBC}") = "nuscuties app", "nuscuties app.csproj", "{D8B31903-D93D-44D1-8E96-1D41E99FFB78}"
EndProject
Global
	GlobalSection(SolutionConfigurationPlatforms) = preSolution
	Debug|Any CPU = Debug|Any CPU
	ExportDebug|Any CPU = ExportDebug|Any CPU
	ExportRelease|Any CPU = ExportRelease|Any CPU
	EndGlobalSection
	GlobalSection(ProjectConfigurationPlatforms) = postSolution
		{D8B31903-D93D-44D1-8E96-1D41E99FFB78}.Debug|Any CPU.ActiveCfg = Debug|Any CPU
		{D8B31903-D93D-44D1-8E96-1D41E99FFB78}.Debug|Any CPU.Build.0 = Debug|Any CPU
		{D8B31903-D93D-44D1-8E96-1D41E99FFB78}.ExportDebug|Any CPU.ActiveCfg = ExportDebug|Any CPU
		{D8B31903-D93D-44D1-8E96-1D41E99FFB78}.ExportDebug|Any CPU.Build.0 = ExportDebug|Any CPU
		{D8B31903-D93D-44D1-8E96-1D41E99FFB78}.ExportRelease|Any CPU.ActiveCfg = ExportRelease|Any CPU
		{D8B31903-D93D-44D1-8E96-1D41E99FFB78}.ExportRelease|Any CPU.Build.0 = ExportRelease|Any CPU
	EndGlobalSection
EndGlobal
